
Microsoft Visual Studio Solution File, Format Version 12.00
# Visual Studio 15
VisualStudioVersion = 15.0.27428.2011
MinimumVisualStudioVersion = 10.0.40219.1
Project("{8BC9CEB8-8B4A-11D0-8D11-00A0C91BC942}") = "work_8_18二叉树操作", "work_8_18二叉树操作\work_8_18二叉树操作.vcxproj", "{21247A4F-9D5C-491D-8FB6-E954BBB4AC5A}"
EndProject
Global
	GlobalSection(SolutionConfigurationPlatforms) = preSolution
		Debug|x64 = Debug|x64
		Debug|x86 = Debug|x86
		Release|x64 = Release|x64
		Release|x86 = Release|x86
	EndGlobalSection
	GlobalSection(ProjectConfigurationPlatforms) = postSolution
		{21247A4F-9D5C-491D-8FB6-E954BBB4AC5A}.Debug|x64.ActiveCfg = Debug|x64
		{21247A4F-9D5C-491D-8FB6-E954BBB4AC5A}.Debug|x64.Build.0 = Debug|x64
		{21247A4F-9D5C-491D-8FB6-E954BBB4AC5A}.Debug|x86.ActiveCfg = Debug|Win32
		{21247A4F-9D5C-491D-8FB6-E954BBB4AC5A}.Debug|x86.Build.0 = Debug|Win32
		{21247A4F-9D5C-491D-8FB6-E954BBB4AC5A}.Release|x64.ActiveCfg = Release|x64
		{21247A4F-9D5C-491D-8FB6-E954BBB4AC5A}.Release|x64.Build.0 = Release|x64
		{21247A4F-9D5C-491D-8FB6-E954BBB4AC5A}.Release|x86.ActiveCfg = Release|Win32
		{21247A4F-9D5C-491D-8FB6-E954BBB4AC5A}.Release|x86.Build.0 = Release|Win32
	EndGlobalSection
	GlobalSection(SolutionProperties) = preSolution
		HideSolutionNode = FALSE
	EndGlobalSection
	GlobalSection(ExtensibilityGlobals) = postSolution
		SolutionGuid = {85AED529-1442-4885-95BE-B32CB3B0A097}
	EndGlobalSection
EndGlobal
